
Microsoft Visual Studio Solution File, Format Version 12.00
# Visual Studio Version 16
VisualStudioVersion = 16.0.30907.101
MinimumVisualStudioVersion = 10.0.40219.1
Project("{9A19103F-16F7-4668-BE54-9A1E7A4F7556}") = "DataAccess", "DataAccess\DataAccess.csproj", "{8F6EE6F7-9763-4538-9F49-2323C3CA933B}"
EndProject
Project("{9A19103F-16F7-4668-BE54-9A1E7A4F7556}") = "Business", "Business\Business.csproj", "{F5C50F62-AFEF-46DE-A7F2-A50658177B23}"
EndProject
Project("{9A19103F-16F7-4668-BE54-9A1E7A4F7556}") = "Entities", "Entities\Entities.csproj", "{0A08E239-8181-4C00-A580-1E5FB4BF4DB0}"
EndProject
Project("{9A19103F-16F7-4668-BE54-9A1E7A4F7556}") = "ConsoleUI", "ConsoleUI\ConsoleUI.csproj", "{AD6C694E-3921-43CE-AC08-196479E947CB}"
EndProject
Project("{9A19103F-16F7-4668-BE54-9A1E7A4F7556}") = "Core", "Core\Core.csproj", "{6C4700ED-F7D7-42F7-B6D3-E6513D90ECF1}"
EndProject
Project("{FAE04EC0-301F-11D3-BF4B-00C04F79EFBC}") = "WebAPI", "WebAPI\WebAPI.csproj", "{8D0B38D0-4849-4BF8-82BA-A63E11B92FD4}"
EndProject
Global
	GlobalSection(SolutionConfigurationPlatforms) = preSolution
		Debug|Any CPU = Debug|Any CPU
		Release|Any CPU = Release|Any CPU
	EndGlobalSection
	GlobalSection(ProjectConfigurationPlatforms) = postSolution
		{8F6EE6F7-9763-4538-9F49-2323C3CA933B}.Debug|Any CPU.ActiveCfg = Debug|Any CPU
		{8F6EE6F7-9763-4538-9F49-2323C3CA933B}.Debug|Any CPU.Build.0 = Debug|Any CPU
		{8F6EE6F7-9763-4538-9F49-2323C3CA933B}.Release|Any CPU.ActiveCfg = Release|Any CPU
		{8F6EE6F7-9763-4538-9F49-2323C3CA933B}.Release|Any CPU.Build.0 = Release|Any CPU
		{F5C50F62-AFEF-46DE-A7F2-A50658177B23}.Debug|Any CPU.ActiveCfg = Debug|Any CPU
		{F5C50F62-AFEF-46DE-A7F2-A50658177B23}.Debug|Any CPU.Build.0 = Debug|Any CPU
		{F5C50F62-AFEF-46DE-A7F2-A50658177B23}.Release|Any CPU.ActiveCfg = Release|Any CPU
		{F5C50F62-AFEF-46DE-A7F2-A50658177B23}.Release|Any CPU.Build.0 = Release|Any CPU
		{0A08E239-8181-4C00-A580-1E5FB4BF4DB0}.Debug|Any CPU.ActiveCfg = Debug|Any CPU
		{0A08E239-8181-4C00-A580-1E5FB4BF4DB0}.Debug|Any CPU.Build.0 = Debug|Any CPU
		{0A08E239-8181-4C00-A580-1E5FB4BF4DB0}.Release|Any CPU.ActiveCfg = Release|Any CPU
		{0A08E239-8181-4C00-A580-1E5FB4BF4DB0}.Release|Any CPU.Build.0 = Release|Any CPU
		{AD6C694E-3921-43CE-AC08-196479E947CB}.Debug|Any CPU.ActiveCfg = Debug|Any CPU
		{AD6C694E-3921-43CE-AC08-196479E947CB}.Debug|Any CPU.Build.0 = Debug|Any CPU
		{AD6C694E-3921-43CE-AC08-196479E947CB}.Release|Any CPU.ActiveCfg = Release|Any CPU
		{AD6C694E-3921-43CE-AC08-196479E947CB}.Release|Any CPU.Build.0 = Release|Any CPU
		{6C4700ED-F7D7-42F7-B6D3-E6513D90ECF1}.Debug|Any CPU.ActiveCfg = Debug|Any CPU
		{6C4700ED-F7D7-42F7-B6D3-E6513D90ECF1}.Debug|Any CPU.Build.0 = Debug|Any CPU
		{6C4700ED-F7D7-42F7-B6D3-E6513D90ECF1}.Release|Any CPU.ActiveCfg = Release|Any CPU
		{6C4700ED-F7D7-42F7-B6D3-E6513D90ECF1}.Release|Any CPU.Build.0 = Release|Any CPU
		{8D0B38D0-4849-4BF8-82BA-A63E11B92FD4}.Debug|Any CPU.ActiveCfg = Debug|Any CPU
		{8D0B38D0-4849-4BF8-82BA-A63E11B92FD4}.Debug|Any CPU.Build.0 = Debug|Any CPU
		{8D0B38D0-4849-4BF8-82BA-A63E11B92FD4}.Release|Any CPU.ActiveCfg = Release|Any CPU
		{8D0B38D0-4849-4BF8-82BA-A63E11B92FD4}.Release|Any CPU.Build.0 = Release|Any CPU
	EndGlobalSection
	GlobalSection(SolutionProperties) = preSolution
		HideSolutionNode = FALSE
	EndGlobalSection
	GlobalSection(ExtensibilityGlobals) = postSolution
		SolutionGuid = {5421823A-156F-4307-AFD9-FDD16C0F71EC}
	EndGlobalSection
EndGlobal
